
Microsoft Visual Studio Solution File, Format Version 12.00
# Visual Studio 15
VisualStudioVersion = 15.0.28307.539
MinimumVisualStudioVersion = 10.0.40219.1
Project("{FAE04EC0-301F-11D3-BF4B-00C04F79EFBC}") = "Lovesnwishes", "Lovesnwishes\Lovesnwishes.csproj", "{06CA0CF8-F51A-4317-83A7-F3F459217366}"
EndProject
Global
	GlobalSection(SolutionConfigurationPlatforms) = preSolution
		Debug|Any CPU = Debug|Any CPU
		Release|Any CPU = Release|Any CPU
	EndGlobalSection
	GlobalSection(ProjectConfigurationPlatforms) = postSolution
		{06CA0CF8-F51A-4317-83A7-F3F459217366}.Debug|Any CPU.ActiveCfg = Debug|Any CPU
		{06CA0CF8-F51A-4317-83A7-F3F459217366}.Debug|Any CPU.Build.0 = Debug|Any CPU
		{06CA0CF8-F51A-4317-83A7-F3F459217366}.Release|Any CPU.ActiveCfg = Release|Any CPU
		{06CA0CF8-F51A-4317-83A7-F3F459217366}.Release|Any CPU.Build.0 = Release|Any CPU
	EndGlobalSection
	GlobalSection(SolutionProperties) = preSolution
		HideSolutionNode = FALSE
	EndGlobalSection
	GlobalSection(ExtensibilityGlobals) = postSolution
		SolutionGuid = {B7BCBFA3-48F4-4ED4-AFFA-F6857ADF0B92}
	EndGlobalSection
EndGlobal
